
Microsoft Visual Studio Solution File, Format Version 12.00
# Visual Studio 2013
VisualStudioVersion = 12.0.31101.0
MinimumVisualStudioVersion = 10.0.40219.1
Project("{FAE04EC0-301F-11D3-BF4B-00C04F79EFBC}") = "SeriesOfLetter", "SeriesOfLetter\SeriesOfLetter.csproj", "{298418CF-B6B7-417F-95C3-C26ED05EE56B}"
EndProject
Project("{FAE04EC0-301F-11D3-BF4B-00C04F79EFBC}") = "ReplaceAtag", "ReplaceAtag\ReplaceAtag.csproj", "{66F76BCF-5D03-4F11-80B7-7AE45FB8A334}"
EndProject
Project("{FAE04EC0-301F-11D3-BF4B-00C04F79EFBC}") = "ExtractEmails", "ExtractEmails\ExtractEmails.csproj", "{978417F6-105B-4592-A337-0EB83C090809}"
EndProject
Project("{FAE04EC0-301F-11D3-BF4B-00C04F79EFBC}") = "SentenseExtractor", "SentenseExtractor\SentenseExtractor.csproj", "{B64E8C0F-F8D9-4C96-9DDA-7D6E84F57342}"
EndProject
Global
	GlobalSection(SolutionConfigurationPlatforms) = preSolution
		Debug|Any CPU = Debug|Any CPU
		Release|Any CPU = Release|Any CPU
	EndGlobalSection
	GlobalSection(ProjectConfigurationPlatforms) = postSolution
		{298418CF-B6B7-417F-95C3-C26ED05EE56B}.Debug|Any CPU.ActiveCfg = Debug|Any CPU
		{298418CF-B6B7-417F-95C3-C26ED05EE56B}.Debug|Any CPU.Build.0 = Debug|Any CPU
		{298418CF-B6B7-417F-95C3-C26ED05EE56B}.Release|Any CPU.ActiveCfg = Release|Any CPU
		{298418CF-B6B7-417F-95C3-C26ED05EE56B}.Release|Any CPU.Build.0 = Release|Any CPU
		{66F76BCF-5D03-4F11-80B7-7AE45FB8A334}.Debug|Any CPU.ActiveCfg = Debug|Any CPU
		{66F76BCF-5D03-4F11-80B7-7AE45FB8A334}.Debug|Any CPU.Build.0 = Debug|Any CPU
		{66F76BCF-5D03-4F11-80B7-7AE45FB8A334}.Release|Any CPU.ActiveCfg = Release|Any CPU
		{66F76BCF-5D03-4F11-80B7-7AE45FB8A334}.Release|Any CPU.Build.0 = Release|Any CPU
		{978417F6-105B-4592-A337-0EB83C090809}.Debug|Any CPU.ActiveCfg = Debug|Any CPU
		{978417F6-105B-4592-A337-0EB83C090809}.Debug|Any CPU.Build.0 = Debug|Any CPU
		{978417F6-105B-4592-A337-0EB83C090809}.Release|Any CPU.ActiveCfg = Release|Any CPU
		{978417F6-105B-4592-A337-0EB83C090809}.Release|Any CPU.Build.0 = Release|Any CPU
		{B64E8C0F-F8D9-4C96-9DDA-7D6E84F57342}.Debug|Any CPU.ActiveCfg = Debug|Any CPU
		{B64E8C0F-F8D9-4C96-9DDA-7D6E84F57342}.Debug|Any CPU.Build.0 = Debug|Any CPU
		{B64E8C0F-F8D9-4C96-9DDA-7D6E84F57342}.Release|Any CPU.ActiveCfg = Release|Any CPU
		{B64E8C0F-F8D9-4C96-9DDA-7D6E84F57342}.Release|Any CPU.Build.0 = Release|Any CPU
	EndGlobalSection
	GlobalSection(SolutionProperties) = preSolution
		HideSolutionNode = FALSE
	EndGlobalSection
EndGlobal
